
Microsoft Visual Studio Solution File, Format Version 12.00
# Visual Studio 15
VisualStudioVersion = 15.0.26124.0
MinimumVisualStudioVersion = 15.0.26124.0
Project("{FAE04EC0-301F-11D3-BF4B-00C04F79EFBC}") = "Domain", "Domain\Domain.csproj", "{4560F658-C865-420D-A282-0A4A719E0025}"
EndProject
Project("{FAE04EC0-301F-11D3-BF4B-00C04F79EFBC}") = "Application", "Application\Application.csproj", "{9E89E725-20F4-4DE2-AB51-1F2905492015}"
EndProject
Project("{FAE04EC0-301F-11D3-BF4B-00C04F79EFBC}") = "Persistence", "Persistence\Persistence.csproj", "{6E233FBA-0399-4177-90D4-82F52DDBF554}"
EndProject
Project("{FAE04EC0-301F-11D3-BF4B-00C04F79EFBC}") = "API", "API\API.csproj", "{CEDCB605-8C52-4998-A5EE-E3B31A1A025D}"
EndProject
Global
	GlobalSection(SolutionConfigurationPlatforms) = preSolution
		Debug|Any CPU = Debug|Any CPU
		Debug|x64 = Debug|x64
		Debug|x86 = Debug|x86
		Release|Any CPU = Release|Any CPU
		Release|x64 = Release|x64
		Release|x86 = Release|x86
	EndGlobalSection
	GlobalSection(SolutionProperties) = preSolution
		HideSolutionNode = FALSE
	EndGlobalSection
	GlobalSection(ProjectConfigurationPlatforms) = postSolution
		{4560F658-C865-420D-A282-0A4A719E0025}.Debug|Any CPU.ActiveCfg = Debug|Any CPU
		{4560F658-C865-420D-A282-0A4A719E0025}.Debug|Any CPU.Build.0 = Debug|Any CPU
		{4560F658-C865-420D-A282-0A4A719E0025}.Debug|x64.ActiveCfg = Debug|Any CPU
		{4560F658-C865-420D-A282-0A4A719E0025}.Debug|x64.Build.0 = Debug|Any CPU
		{4560F658-C865-420D-A282-0A4A719E0025}.Debug|x86.ActiveCfg = Debug|Any CPU
		{4560F658-C865-420D-A282-0A4A719E0025}.Debug|x86.Build.0 = Debug|Any CPU
		{4560F658-C865-420D-A282-0A4A719E0025}.Release|Any CPU.ActiveCfg = Release|Any CPU
		{4560F658-C865-420D-A282-0A4A719E0025}.Release|Any CPU.Build.0 = Release|Any CPU
		{4560F658-C865-420D-A282-0A4A719E0025}.Release|x64.ActiveCfg = Release|Any CPU
		{4560F658-C865-420D-A282-0A4A719E0025}.Release|x64.Build.0 = Release|Any CPU
		{4560F658-C865-420D-A282-0A4A719E0025}.Release|x86.ActiveCfg = Release|Any CPU
		{4560F658-C865-420D-A282-0A4A719E0025}.Release|x86.Build.0 = Release|Any CPU
		{9E89E725-20F4-4DE2-AB51-1F2905492015}.Debug|Any CPU.ActiveCfg = Debug|Any CPU
		{9E89E725-20F4-4DE2-AB51-1F2905492015}.Debug|Any CPU.Build.0 = Debug|Any CPU
		{9E89E725-20F4-4DE2-AB51-1F2905492015}.Debug|x64.ActiveCfg = Debug|Any CPU
		{9E89E725-20F4-4DE2-AB51-1F2905492015}.Debug|x64.Build.0 = Debug|Any CPU
		{9E89E725-20F4-4DE2-AB51-1F2905492015}.Debug|x86.ActiveCfg = Debug|Any CPU
		{9E89E725-20F4-4DE2-AB51-1F2905492015}.Debug|x86.Build.0 = Debug|Any CPU
		{9E89E725-20F4-4DE2-AB51-1F2905492015}.Release|Any CPU.ActiveCfg = Release|Any CPU
		{9E89E725-20F4-4DE2-AB51-1F2905492015}.Release|Any CPU.Build.0 = Release|Any CPU
		{9E89E725-20F4-4DE2-AB51-1F2905492015}.Release|x64.ActiveCfg = Release|Any CPU
		{9E89E725-20F4-4DE2-AB51-1F2905492015}.Release|x64.Build.0 = Release|Any CPU
		{9E89E725-20F4-4DE2-AB51-1F2905492015}.Release|x86.ActiveCfg = Release|Any CPU
		{9E89E725-20F4-4DE2-AB51-1F2905492015}.Release|x86.Build.0 = Release|Any CPU
		{6E233FBA-0399-4177-90D4-82F52DDBF554}.Debug|Any CPU.ActiveCfg = Debug|Any CPU
		{6E233FBA-0399-4177-90D4-82F52DDBF554}.Debug|Any CPU.Build.0 = Debug|Any CPU
		{6E233FBA-0399-4177-90D4-82F52DDBF554}.Debug|x64.ActiveCfg = Debug|Any CPU
		{6E233FBA-0399-4177-90D4-82F52DDBF554}.Debug|x64.Build.0 = Debug|Any CPU
		{6E233FBA-0399-4177-90D4-82F52DDBF554}.Debug|x86.ActiveCfg = Debug|Any CPU
		{6E233FBA-0399-4177-90D4-82F52DDBF554}.Debug|x86.Build.0 = Debug|Any CPU
		{6E233FBA-0399-4177-90D4-82F52DDBF554}.Release|Any CPU.ActiveCfg = Release|Any CPU
		{6E233FBA-0399-4177-90D4-82F52DDBF554}.Release|Any CPU.Build.0 = Release|Any CPU
		{6E233FBA-0399-4177-90D4-82F52DDBF554}.Release|x64.ActiveCfg = Release|Any CPU
		{6E233FBA-0399-4177-90D4-82F52DDBF554}.Release|x64.Build.0 = Release|Any CPU
		{6E233FBA-0399-4177-90D4-82F52DDBF554}.Release|x86.ActiveCfg = Release|Any CPU
		{6E233FBA-0399-4177-90D4-82F52DDBF554}.Release|x86.Build.0 = Release|Any CPU
		{CEDCB605-8C52-4998-A5EE-E3B31A1A025D}.Debug|Any CPU.ActiveCfg = Debug|Any CPU
		{CEDCB605-8C52-4998-A5EE-E3B31A1A025D}.Debug|Any CPU.Build.0 = Debug|Any CPU
		{CEDCB605-8C52-4998-A5EE-E3B31A1A025D}.Debug|x64.ActiveCfg = Debug|Any CPU
		{CEDCB605-8C52-4998-A5EE-E3B31A1A025D}.Debug|x64.Build.0 = Debug|Any CPU
		{CEDCB605-8C52-4998-A5EE-E3B31A1A025D}.Debug|x86.ActiveCfg = Debug|Any CPU
		{CEDCB605-8C52-4998-A5EE-E3B31A1A025D}.Debug|x86.Build.0 = Debug|Any CPU
		{CEDCB605-8C52-4998-A5EE-E3B31A1A025D}.Release|Any CPU.ActiveCfg = Release|Any CPU
		{CEDCB605-8C52-4998-A5EE-E3B31A1A025D}.Release|Any CPU.Build.0 = Release|Any CPU
		{CEDCB605-8C52-4998-A5EE-E3B31A1A025D}.Release|x64.ActiveCfg = Release|Any CPU
		{CEDCB605-8C52-4998-A5EE-E3B31A1A025D}.Release|x64.Build.0 = Release|Any CPU
		{CEDCB605-8C52-4998-A5EE-E3B31A1A025D}.Release|x86.ActiveCfg = Release|Any CPU
		{CEDCB605-8C52-4998-A5EE-E3B31A1A025D}.Release|x86.Build.0 = Release|Any CPU
	EndGlobalSection
EndGlobal
